{
  "object": {
    "pins": [
      {
        "package": "RxSwift",
        "repositoryURL": "git@github.com:ReactiveX/RxSwift.git",
        "state": {
          "branch": null,
          "revision": "7c17a6ccca06b5c107cfa4284e634562ddaf5951",
          "version": "6.2.0"
        }
      },
      {
        "package": "SnapKit",
        "repositoryURL": "git@github.com:SnapKit/SnapKit.git",
        "state": {
          "branch": null,
          "revision": "d458564516e5676af9c70b4f4b2a9178294f1bc6",
          "version": "5.0.1"
        }
      },
      {
        "package": "Swinject",
        "repositoryURL": "git@github.com:Swinject/Swinject.git",
        "state": {
          "branch": null,
          "revision": "b1d92a53159fe45e162c307183aec9be15e4e7ae",
          "version": "2.8.0"
        }
      }
    ]
  },
  "version": 1
}
